
Microsoft Visual Studio Solution File, Format Version 12.00
# Visual Studio Version 17
VisualStudioVersion = 17.11.35327.3
MinimumVisualStudioVersion = 10.0.40219.1
Project("{FAE04EC0-301F-11D3-BF4B-00C04F79EFBC}") = "Bamboo.Core", "Bamboo.Core\Bamboo.Core.csproj", "{F1F064A3-B4EE-49A8-88FA-31582A105DDC}"
EndProject
Project("{FAE04EC0-301F-11D3-BF4B-00C04F79EFBC}") = "Bamboo.Infrastructure", "Bamboo.Infrastructure\Bamboo.Infrastructure.csproj", "{262B3847-9152-4BC3-B304-292EED2D8BDA}"
EndProject
Project("{2150E333-8FDC-42A3-9474-1A3956D46DE8}") = "Reminder Service", "Reminder Service", "{02EA681E-C7D8-13C7-8484-4AC65E1B71E8}"
EndProject
Project("{FAE04EC0-301F-11D3-BF4B-00C04F79EFBC}") = "Bamboo.Api", "Bamboo.Api\Bamboo.Api.csproj", "{B8533B74-0836-455A-BD0C-ADDB6CB912D6}"
EndProject
Project("{2150E333-8FDC-42A3-9474-1A3956D46DE8}") = "Shared", "Shared", "{9E4E91D8-2D63-4376-A5CD-FA8E324DB0BE}"
EndProject
Project("{FAE04EC0-301F-11D3-BF4B-00C04F79EFBC}") = "Bamboo.Shared", "Bamboo.Shared\Bamboo.Shared.csproj", "{E3128486-F524-4373-97BF-BE7D0359EBC0}"
EndProject
Project("{2150E333-8FDC-42A3-9474-1A3956D46DE8}") = "Notes Service", "Notes Service", "{EDCB1498-2766-4BDA-B6DC-3FBAE23AD51E}"
EndProject
Project("{FAE04EC0-301F-11D3-BF4B-00C04F79EFBC}") = "Bamboo.NoteService.Api", "Bamboo.NoteService.Api\Bamboo.NoteService.Api.csproj", "{3651BAAC-39DA-48B4-BCCD-5A7FAB02F957}"
EndProject
Project("{FAE04EC0-301F-11D3-BF4B-00C04F79EFBC}") = "Bamboo.NoteService.Core", "Bamboo.NoteService.Core\Bamboo.NoteService.Core.csproj", "{63FC8EFF-5A78-4A21-AEEE-6D2A95DA53E9}"
EndProject
Project("{FAE04EC0-301F-11D3-BF4B-00C04F79EFBC}") = "Bamboo.NoteService.Infrastructure", "Bamboo.NoteService.Infrastructure\Bamboo.NoteService.Infrastructure.csproj", "{8A806988-A4E0-433E-BBD6-FE7D210E2C05}"
EndProject
Global
	GlobalSection(SolutionConfigurationPlatforms) = preSolution
		Debug|Any CPU = Debug|Any CPU
		Release|Any CPU = Release|Any CPU
	EndGlobalSection
	GlobalSection(ProjectConfigurationPlatforms) = postSolution
		{F1F064A3-B4EE-49A8-88FA-31582A105DDC}.Debug|Any CPU.ActiveCfg = Debug|Any CPU
		{F1F064A3-B4EE-49A8-88FA-31582A105DDC}.Debug|Any CPU.Build.0 = Debug|Any CPU
		{F1F064A3-B4EE-49A8-88FA-31582A105DDC}.Release|Any CPU.ActiveCfg = Release|Any CPU
		{F1F064A3-B4EE-49A8-88FA-31582A105DDC}.Release|Any CPU.Build.0 = Release|Any CPU
		{262B3847-9152-4BC3-B304-292EED2D8BDA}.Debug|Any CPU.ActiveCfg = Debug|Any CPU
		{262B3847-9152-4BC3-B304-292EED2D8BDA}.Debug|Any CPU.Build.0 = Debug|Any CPU
		{262B3847-9152-4BC3-B304-292EED2D8BDA}.Release|Any CPU.ActiveCfg = Release|Any CPU
		{262B3847-9152-4BC3-B304-292EED2D8BDA}.Release|Any CPU.Build.0 = Release|Any CPU
		{B8533B74-0836-455A-BD0C-ADDB6CB912D6}.Debug|Any CPU.ActiveCfg = Debug|Any CPU
		{B8533B74-0836-455A-BD0C-ADDB6CB912D6}.Debug|Any CPU.Build.0 = Debug|Any CPU
		{B8533B74-0836-455A-BD0C-ADDB6CB912D6}.Release|Any CPU.ActiveCfg = Release|Any CPU
		{B8533B74-0836-455A-BD0C-ADDB6CB912D6}.Release|Any CPU.Build.0 = Release|Any CPU
		{E3128486-F524-4373-97BF-BE7D0359EBC0}.Debug|Any CPU.ActiveCfg = Debug|Any CPU
		{E3128486-F524-4373-97BF-BE7D0359EBC0}.Debug|Any CPU.Build.0 = Debug|Any CPU
		{E3128486-F524-4373-97BF-BE7D0359EBC0}.Release|Any CPU.ActiveCfg = Release|Any CPU
		{E3128486-F524-4373-97BF-BE7D0359EBC0}.Release|Any CPU.Build.0 = Release|Any CPU
		{3651BAAC-39DA-48B4-BCCD-5A7FAB02F957}.Debug|Any CPU.ActiveCfg = Debug|Any CPU
		{3651BAAC-39DA-48B4-BCCD-5A7FAB02F957}.Debug|Any CPU.Build.0 = Debug|Any CPU
		{3651BAAC-39DA-48B4-BCCD-5A7FAB02F957}.Release|Any CPU.ActiveCfg = Release|Any CPU
		{3651BAAC-39DA-48B4-BCCD-5A7FAB02F957}.Release|Any CPU.Build.0 = Release|Any CPU
		{63FC8EFF-5A78-4A21-AEEE-6D2A95DA53E9}.Debug|Any CPU.ActiveCfg = Debug|Any CPU
		{63FC8EFF-5A78-4A21-AEEE-6D2A95DA53E9}.Debug|Any CPU.Build.0 = Debug|Any CPU
		{63FC8EFF-5A78-4A21-AEEE-6D2A95DA53E9}.Release|Any CPU.ActiveCfg = Release|Any CPU
		{63FC8EFF-5A78-4A21-AEEE-6D2A95DA53E9}.Release|Any CPU.Build.0 = Release|Any CPU
		{8A806988-A4E0-433E-BBD6-FE7D210E2C05}.Debug|Any CPU.ActiveCfg = Debug|Any CPU
		{8A806988-A4E0-433E-BBD6-FE7D210E2C05}.Debug|Any CPU.Build.0 = Debug|Any CPU
		{8A806988-A4E0-433E-BBD6-FE7D210E2C05}.Release|Any CPU.ActiveCfg = Release|Any CPU
		{8A806988-A4E0-433E-BBD6-FE7D210E2C05}.Release|Any CPU.Build.0 = Release|Any CPU
	EndGlobalSection
	GlobalSection(SolutionProperties) = preSolution
		HideSolutionNode = FALSE
	EndGlobalSection
	GlobalSection(NestedProjects) = preSolution
		{F1F064A3-B4EE-49A8-88FA-31582A105DDC} = {02EA681E-C7D8-13C7-8484-4AC65E1B71E8}
		{262B3847-9152-4BC3-B304-292EED2D8BDA} = {02EA681E-C7D8-13C7-8484-4AC65E1B71E8}
		{B8533B74-0836-455A-BD0C-ADDB6CB912D6} = {02EA681E-C7D8-13C7-8484-4AC65E1B71E8}
		{E3128486-F524-4373-97BF-BE7D0359EBC0} = {9E4E91D8-2D63-4376-A5CD-FA8E324DB0BE}
		{3651BAAC-39DA-48B4-BCCD-5A7FAB02F957} = {EDCB1498-2766-4BDA-B6DC-3FBAE23AD51E}
		{63FC8EFF-5A78-4A21-AEEE-6D2A95DA53E9} = {EDCB1498-2766-4BDA-B6DC-3FBAE23AD51E}
		{8A806988-A4E0-433E-BBD6-FE7D210E2C05} = {EDCB1498-2766-4BDA-B6DC-3FBAE23AD51E}
	EndGlobalSection
	GlobalSection(ExtensibilityGlobals) = postSolution
		SolutionGuid = {ACEF0B2B-2EF0-43CC-B5D9-BF613E7288B5}
	EndGlobalSection
EndGlobal
