
Microsoft Visual Studio Solution File, Format Version 12.00
# Visual Studio Version 18
VisualStudioVersion = 18.3.11520.95
MinimumVisualStudioVersion = 10.0.40219.1
Project("{FAE04EC0-301F-11D3-BF4B-00C04F79EFBC}") = "Bamboo.Shared", "Bamboo.Shared\Bamboo.Shared.csproj", "{E3128486-F524-4373-97BF-BE7D0359EBC0}"
EndProject
Project("{00D1A9C2-B5F0-4AF3-8072-F6C62B433612}") = "Bamboo.Database", "Bamboo.Database\Bamboo.Database.sqlproj", "{76F47DAA-7019-4125-924A-0035B6674A10}"
EndProject
Project("{FAE04EC0-301F-11D3-BF4B-00C04F79EFBC}") = "Bamboo.Api", "Bamboo.Api\Bamboo.Api.csproj", "{FACDE66D-61AB-D096-9340-B54194384E9C}"
EndProject
Project("{FAE04EC0-301F-11D3-BF4B-00C04F79EFBC}") = "Bamboo.Core", "Bamboo.Core\Bamboo.Core.csproj", "{A381ADF1-D35D-473F-9B70-811530C5C835}"
EndProject
Project("{FAE04EC0-301F-11D3-BF4B-00C04F79EFBC}") = "Bamboo.Infrastructure", "Bamboo.Infrastructure\Bamboo.Infrastructure.csproj", "{7EE6B9EB-38B1-4398-920F-B8DA7D45368E}"
EndProject
Global
	GlobalSection(SolutionConfigurationPlatforms) = preSolution
		Debug|Any CPU = Debug|Any CPU
		Release|Any CPU = Release|Any CPU
	EndGlobalSection
	GlobalSection(ProjectConfigurationPlatforms) = postSolution
		{E3128486-F524-4373-97BF-BE7D0359EBC0}.Debug|Any CPU.ActiveCfg = Debug|Any CPU
		{E3128486-F524-4373-97BF-BE7D0359EBC0}.Debug|Any CPU.Build.0 = Debug|Any CPU
		{E3128486-F524-4373-97BF-BE7D0359EBC0}.Release|Any CPU.ActiveCfg = Release|Any CPU
		{E3128486-F524-4373-97BF-BE7D0359EBC0}.Release|Any CPU.Build.0 = Release|Any CPU
		{76F47DAA-7019-4125-924A-0035B6674A10}.Debug|Any CPU.ActiveCfg = Debug|Any CPU
		{76F47DAA-7019-4125-924A-0035B6674A10}.Debug|Any CPU.Build.0 = Debug|Any CPU
		{76F47DAA-7019-4125-924A-0035B6674A10}.Debug|Any CPU.Deploy.0 = Debug|Any CPU
		{76F47DAA-7019-4125-924A-0035B6674A10}.Release|Any CPU.ActiveCfg = Release|Any CPU
		{76F47DAA-7019-4125-924A-0035B6674A10}.Release|Any CPU.Build.0 = Release|Any CPU
		{76F47DAA-7019-4125-924A-0035B6674A10}.Release|Any CPU.Deploy.0 = Release|Any CPU
		{FACDE66D-61AB-D096-9340-B54194384E9C}.Debug|Any CPU.ActiveCfg = Debug|Any CPU
		{FACDE66D-61AB-D096-9340-B54194384E9C}.Debug|Any CPU.Build.0 = Debug|Any CPU
		{FACDE66D-61AB-D096-9340-B54194384E9C}.Release|Any CPU.ActiveCfg = Release|Any CPU
		{FACDE66D-61AB-D096-9340-B54194384E9C}.Release|Any CPU.Build.0 = Release|Any CPU
		{A381ADF1-D35D-473F-9B70-811530C5C835}.Debug|Any CPU.ActiveCfg = Debug|Any CPU
		{A381ADF1-D35D-473F-9B70-811530C5C835}.Debug|Any CPU.Build.0 = Debug|Any CPU
		{A381ADF1-D35D-473F-9B70-811530C5C835}.Release|Any CPU.ActiveCfg = Release|Any CPU
		{A381ADF1-D35D-473F-9B70-811530C5C835}.Release|Any CPU.Build.0 = Release|Any CPU
		{7EE6B9EB-38B1-4398-920F-B8DA7D45368E}.Debug|Any CPU.ActiveCfg = Debug|Any CPU
		{7EE6B9EB-38B1-4398-920F-B8DA7D45368E}.Debug|Any CPU.Build.0 = Debug|Any CPU
		{7EE6B9EB-38B1-4398-920F-B8DA7D45368E}.Release|Any CPU.ActiveCfg = Release|Any CPU
		{7EE6B9EB-38B1-4398-920F-B8DA7D45368E}.Release|Any CPU.Build.0 = Release|Any CPU
	EndGlobalSection
	GlobalSection(SolutionProperties) = preSolution
		HideSolutionNode = FALSE
	EndGlobalSection
	GlobalSection(ExtensibilityGlobals) = postSolution
		SolutionGuid = {ACEF0B2B-2EF0-43CC-B5D9-BF613E7288B5}
	EndGlobalSection
EndGlobal
